
Microsoft Visual Studio Solution File, Format Version 12.00
# Visual Studio Version 17
VisualStudioVersion = 17.14.36408.4 d17.14
MinimumVisualStudioVersion = 10.0.40219.1
Project("{FAE04EC0-301F-11D3-BF4B-00C04F79EFBC}") = "laba_2_060925", "laba_2_060925.csproj", "{9884E51B-D25E-4BD1-8920-B26F34527F2E}"
EndProject
Global
	GlobalSection(SolutionConfigurationPlatforms) = preSolution
		Debug|Any CPU = Debug|Any CPU
		Release|Any CPU = Release|Any CPU
	EndGlobalSection
	GlobalSection(ProjectConfigurationPlatforms) = postSolution
		{9884E51B-D25E-4BD1-8920-B26F34527F2E}.Debug|Any CPU.ActiveCfg = Debug|Any CPU
		{9884E51B-D25E-4BD1-8920-B26F34527F2E}.Debug|Any CPU.Build.0 = Debug|Any CPU
		{9884E51B-D25E-4BD1-8920-B26F34527F2E}.Release|Any CPU.ActiveCfg = Release|Any CPU
		{9884E51B-D25E-4BD1-8920-B26F34527F2E}.Release|Any CPU.Build.0 = Release|Any CPU
	EndGlobalSection
	GlobalSection(SolutionProperties) = preSolution
		HideSolutionNode = FALSE
	EndGlobalSection
	GlobalSection(ExtensibilityGlobals) = postSolution
		SolutionGuid = {7073ACA0-544E-431D-B9BC-9961F414B156}
	EndGlobalSection
EndGlobal
